
Microsoft Visual Studio Solution File, Format Version 12.00
# Visual Studio Version 17
VisualStudioVersion = 17.9.34616.47
MinimumVisualStudioVersion = 10.0.40219.1
Project("{FAE04EC0-301F-11D3-BF4B-00C04F79EFBC}") = "StaffRegister", "StaffRegister\StaffRegister.csproj", "{CDDDCBAC-FE0B-44C9-A655-794849F999C1}"
EndProject
Global
	GlobalSection(SolutionConfigurationPlatforms) = preSolution
		Debug|Any CPU = Debug|Any CPU
		Release|Any CPU = Release|Any CPU
	EndGlobalSection
	GlobalSection(ProjectConfigurationPlatforms) = postSolution
		{CDDDCBAC-FE0B-44C9-A655-794849F999C1}.Debug|Any CPU.ActiveCfg = Debug|Any CPU
		{CDDDCBAC-FE0B-44C9-A655-794849F999C1}.Debug|Any CPU.Build.0 = Debug|Any CPU
		{CDDDCBAC-FE0B-44C9-A655-794849F999C1}.Release|Any CPU.ActiveCfg = Release|Any CPU
		{CDDDCBAC-FE0B-44C9-A655-794849F999C1}.Release|Any CPU.Build.0 = Release|Any CPU
	EndGlobalSection
	GlobalSection(SolutionProperties) = preSolution
		HideSolutionNode = FALSE
	EndGlobalSection
	GlobalSection(ExtensibilityGlobals) = postSolution
		SolutionGuid = {54801D39-7F2B-4EE4-A6D5-9D787073C79C}
	EndGlobalSection
EndGlobal
